{
  "name": "docu",
  "version": "0.0.1",
  "lockfileVersion": 1,
  "requires": true,
  "dependencies": {
    "@candlefw/color": {
      "version": "1.0.0",
      "resolved": "https://registry.npmjs.org/@candlefw/color/-/color-1.0.0.tgz",
      "integrity": "sha512-vlJe4KYv539BzApbb1Xe29pl3kH4xXUHNhsLyOObE/1AA13tkoHWRMsdoVmwT1OhY4BzuXF7POLx0Rt2rzKYHg=="
    },
    "@candlefw/css": {
      "version": "0.0.9",
      "resolved": "https://registry.npmjs.org/@candlefw/css/-/css-0.0.9.tgz",
      "integrity": "sha512-WpbvSiy4xYg3LW6JO/+qefU36Ub3bPLUQ3g/Sz/PMumm6FwLhzBjZSAQhZWqeDRNMgcOmnuMU2xv7YANP7z2vw==",
      "requires": {
        "@candlefw/color": "^1.0.0",
        "@candlefw/ll": "^0.1.4",
        "@candlefw/math": "^0.0.1",
        "@candlefw/url": "^0.0.7-a",
        "@candlefw/whind": "^0.2.13-a"
      }
    },
    "@candlefw/glow": {
      "version": "0.0.6-a",
      "resolved": "https://registry.npmjs.org/@candlefw/glow/-/glow-0.0.6-a.tgz",
      "integrity": "sha512-Oi8tTlEA5oyXoCNg3XShtP2lW04x1xWhHwqcKIhKIK37lLLKNoFX3LT9JIVXBcVZzmus0EtlUbmv/Rkch43wcA==",
      "requires": {
        "@candlefw/css": "^0.0.9",
        "@candlefw/math": "^0.0.1",
        "@candlefw/spark": "^0.0.5"
      }
    },
    "@candlefw/html": {
      "version": "0.0.9-a",
      "resolved": "https://registry.npmjs.org/@candlefw/html/-/html-0.0.9-a.tgz",
      "integrity": "sha512-PvgqxFPuZKgVzA029WOQ65yCXHDEbpjmNXjh0GsmDspG6ZYy/pMy7wwWjtRNQmJ4deyc/z4wpM1uhmKTduuhUQ==",
      "requires": {
        "@candlefw/ll": "^0.1.4",
        "@candlefw/url": "^0.0.7-a",
        "@candlefw/whind": "^0.2.13-a"
      }
    },
    "@candlefw/ll": {
      "version": "0.1.4",
      "resolved": "https://registry.npmjs.org/@candlefw/ll/-/ll-0.1.4.tgz",
      "integrity": "sha512-3vKlkVzEORoG74MmNEOu8kttlaxVcu8xfrIIW4U/hlP6spxgp1y+c7NcbSVN+zPfMudJwMUv97bv+juypU8AHw=="
    },
    "@candlefw/math": {
      "version": "0.0.1",
      "resolved": "https://registry.npmjs.org/@candlefw/math/-/math-0.0.1.tgz",
      "integrity": "sha512-hjRq3TIP7MrE0Ema2LFfOQmLR3eNKRvCkBrktASdUOkwsv7xGTCmkCtn7tiHdXZaivGB0UIsY+/GUjWtU3rLJA=="
    },
    "@candlefw/radiate": {
      "version": "0.1.1-a",
      "resolved": "https://registry.npmjs.org/@candlefw/radiate/-/radiate-0.1.1-a.tgz",
      "integrity": "sha512-9h4BKWMfqEgdu+Q+Atd0qxNJuvZGiQXryjdh07SiCUHVYuILCGeG/7liUHQGsH8A7Q/mpR6MMHikObB5TEvvPA==",
      "requires": {
        "@candlefw/glow": "^0.0.6-a",
        "@candlefw/url": "^0.0.7-a",
        "@candlefw/wick": "^0.8.1-a"
      },
      "dependencies": {
        "@candlefw/wick": {
          "version": "0.8.1-a",
          "resolved": "https://registry.npmjs.org/@candlefw/wick/-/wick-0.8.1-a.tgz",
          "integrity": "sha512-DPZMG3JEWSxgqZ3IiYTjYTlZRDtVRbSKJQZhaxbbB2a7pqx5+GcoWWEOPhwE7oxZrPuuMmzvTPBLd2P2C4AP2w==",
          "requires": {
            "@candlefw/css": "^0.0.9",
            "@candlefw/glow": "^0.0.6-a",
            "@candlefw/html": "^0.0.9-a",
            "@candlefw/spark": "^0.0.5",
            "@candlefw/url": "^0.0.7-a",
            "@candlefw/whind": "^0.2.13-a"
          }
        }
      }
    },
    "@candlefw/spark": {
      "version": "0.0.5",
      "resolved": "https://registry.npmjs.org/@candlefw/spark/-/spark-0.0.5.tgz",
      "integrity": "sha512-z7AKEtwBaixbP3+ToEVIDS0xyf0v6fpwIgHzc4YEVY1hAMN4lGPa9kDrPsNd7XwOdP7K0C+rJdF3zoWAPHNakA=="
    },
    "@candlefw/url": {
      "version": "0.0.7-a",
      "resolved": "https://registry.npmjs.org/@candlefw/url/-/url-0.0.7-a.tgz",
      "integrity": "sha512-wdkUx01cCcXkiRwSpq6wCl7/kpj9bbJpsN4MLT1mW5hpv4KbhoPqfH4k3XK0oDj2oDAKHRvacSMUKgpNRS7LoA==",
      "requires": {
        "@candlefw/whind": "^0.2.13-a"
      }
    },
    "@candlefw/whind": {
      "version": "0.2.13-a",
      "resolved": "https://registry.npmjs.org/@candlefw/whind/-/whind-0.2.13-a.tgz",
      "integrity": "sha512-zlJPlJoY52HP6KDsjyLiAIV8XnFkT7Th354xKWtRZszGlRCff9cV2OUFzan7XWW77T6O7WnhYrAQP3cPA8oxrQ=="
    },
    "@candlefw/wick": {
      "version": "0.8.1-a",
      "resolved": "https://registry.npmjs.org/@candlefw/wick/-/wick-0.8.1-a.tgz",
      "integrity": "sha512-DPZMG3JEWSxgqZ3IiYTjYTlZRDtVRbSKJQZhaxbbB2a7pqx5+GcoWWEOPhwE7oxZrPuuMmzvTPBLd2P2C4AP2w==",
      "requires": {
        "@candlefw/css": "^0.0.9",
        "@candlefw/glow": "^0.0.6-a",
        "@candlefw/html": "^0.0.9-a",
        "@candlefw/spark": "^0.0.5",
        "@candlefw/url": "^0.0.7-a",
        "@candlefw/whind": "^0.2.13-a"
      }
    }
  }
}
